
Microsoft Visual Studio Solution File, Format Version 12.00
# Visual Studio Version 16
VisualStudioVersion = 16.0.32002.261
MinimumVisualStudioVersion = 10.0.40219.1
Project("{FAE04EC0-301F-11D3-BF4B-00C04F79EFBC}") = "ConsoleApp1", "ConsoleApp1\ConsoleApp1.csproj", "{AE2E3709-75FF-41C3-906D-F31CB927A4DB}"
EndProject
Global
	GlobalSection(SolutionConfigurationPlatforms) = preSolution
		Debug|Any CPU = Debug|Any CPU
		Release|Any CPU = Release|Any CPU
	EndGlobalSection
	GlobalSection(ProjectConfigurationPlatforms) = postSolution
		{AE2E3709-75FF-41C3-906D-F31CB927A4DB}.Debug|Any CPU.ActiveCfg = Debug|Any CPU
		{AE2E3709-75FF-41C3-906D-F31CB927A4DB}.Debug|Any CPU.Build.0 = Debug|Any CPU
		{AE2E3709-75FF-41C3-906D-F31CB927A4DB}.Release|Any CPU.ActiveCfg = Release|Any CPU
		{AE2E3709-75FF-41C3-906D-F31CB927A4DB}.Release|Any CPU.Build.0 = Release|Any CPU
	EndGlobalSection
	GlobalSection(SolutionProperties) = preSolution
		HideSolutionNode = FALSE
	EndGlobalSection
	GlobalSection(ExtensibilityGlobals) = postSolution
		SolutionGuid = {6B628A0B-D0B1-422A-8EEF-FD4FBB670511}
	EndGlobalSection
EndGlobal
